
Microsoft Visual Studio Solution File, Format Version 12.00
# Visual Studio Version 17
VisualStudioVersion = 17.10.35122.118
MinimumVisualStudioVersion = 10.0.40219.1
Project("{FAE04EC0-301F-11D3-BF4B-00C04F79EFBC}") = "GD12_1133_Lab1_CohenAbadi_Moises", "GD12_1133_Lab1_CohenAbadi_Moises.csproj", "{0CF9D35F-C59A-456F-9BC1-B949559505C4}"
EndProject
Global
	GlobalSection(SolutionConfigurationPlatforms) = preSolution
		Debug|Any CPU = Debug|Any CPU
		Release|Any CPU = Release|Any CPU
	EndGlobalSection
	GlobalSection(ProjectConfigurationPlatforms) = postSolution
		{0CF9D35F-C59A-456F-9BC1-B949559505C4}.Debug|Any CPU.ActiveCfg = Debug|Any CPU
		{0CF9D35F-C59A-456F-9BC1-B949559505C4}.Debug|Any CPU.Build.0 = Debug|Any CPU
		{0CF9D35F-C59A-456F-9BC1-B949559505C4}.Release|Any CPU.ActiveCfg = Release|Any CPU
		{0CF9D35F-C59A-456F-9BC1-B949559505C4}.Release|Any CPU.Build.0 = Release|Any CPU
	EndGlobalSection
	GlobalSection(SolutionProperties) = preSolution
		HideSolutionNode = FALSE
	EndGlobalSection
	GlobalSection(ExtensibilityGlobals) = postSolution
		SolutionGuid = {2ABD7784-F4EB-4942-B630-CC3246478C0E}
	EndGlobalSection
EndGlobal
