
Microsoft Visual Studio Solution File, Format Version 12.00
# Visual Studio Version 17
VisualStudioVersion = 17.10.35122.118
MinimumVisualStudioVersion = 10.0.40219.1
Project("{FAE04EC0-301F-11D3-BF4B-00C04F79EFBC}") = "GD12_1133_Lab3_CohenAbadi_Moises", "GD12_1133_Lab3_CohenAbadi_Moises.csproj", "{CB49A9FD-02AA-4F97-99E4-D615ECE8F9CF}"
EndProject
Global
	GlobalSection(SolutionConfigurationPlatforms) = preSolution
		Debug|Any CPU = Debug|Any CPU
		Release|Any CPU = Release|Any CPU
	EndGlobalSection
	GlobalSection(ProjectConfigurationPlatforms) = postSolution
		{CB49A9FD-02AA-4F97-99E4-D615ECE8F9CF}.Debug|Any CPU.ActiveCfg = Debug|Any CPU
		{CB49A9FD-02AA-4F97-99E4-D615ECE8F9CF}.Debug|Any CPU.Build.0 = Debug|Any CPU
		{CB49A9FD-02AA-4F97-99E4-D615ECE8F9CF}.Release|Any CPU.ActiveCfg = Release|Any CPU
		{CB49A9FD-02AA-4F97-99E4-D615ECE8F9CF}.Release|Any CPU.Build.0 = Release|Any CPU
	EndGlobalSection
	GlobalSection(SolutionProperties) = preSolution
		HideSolutionNode = FALSE
	EndGlobalSection
	GlobalSection(ExtensibilityGlobals) = postSolution
		SolutionGuid = {D55AF884-63EB-40CD-AFEE-CBAEC8A8552F}
	EndGlobalSection
EndGlobal
